
Microsoft Visual Studio Solution File, Format Version 12.00
# Visual Studio Version 16
VisualStudioVersion = 16.0.30225.117
MinimumVisualStudioVersion = 10.0.40219.1
Project("{FAE04EC0-301F-11D3-BF4B-00C04F79EFBC}") = "WebApplication5", "WebApplication5\WebApplication5.csproj", "{67323678-345E-4661-95F2-4844045F4083}"
EndProject
Global
	GlobalSection(SolutionConfigurationPlatforms) = preSolution
		Debug|Any CPU = Debug|Any CPU
		Release|Any CPU = Release|Any CPU
	EndGlobalSection
	GlobalSection(ProjectConfigurationPlatforms) = postSolution
		{67323678-345E-4661-95F2-4844045F4083}.Debug|Any CPU.ActiveCfg = Debug|Any CPU
		{67323678-345E-4661-95F2-4844045F4083}.Debug|Any CPU.Build.0 = Debug|Any CPU
		{67323678-345E-4661-95F2-4844045F4083}.Release|Any CPU.ActiveCfg = Release|Any CPU
		{67323678-345E-4661-95F2-4844045F4083}.Release|Any CPU.Build.0 = Release|Any CPU
	EndGlobalSection
	GlobalSection(SolutionProperties) = preSolution
		HideSolutionNode = FALSE
	EndGlobalSection
	GlobalSection(ExtensibilityGlobals) = postSolution
		SolutionGuid = {7DA2139D-3175-4EEE-BB25-00A56EA40706}
	EndGlobalSection
EndGlobal
